{
  "name": "assets",
  "lockfileVersion": 3,
  "requires": true,
  "packages": {
    "": {
      "dependencies": {
        "nprogress": "^0.2.0",
        "phoenix": "^1.7.0",
        "phoenix_html": "^3.2.0",
        "phoenix_live_view": "~1.0.0"
      }
    },
    "node_modules/morphdom": {
      "version": "2.7.7",
      "resolved": "https://registry.npmjs.org/morphdom/-/morphdom-2.7.7.tgz",
      "integrity": "sha512-04GmsiBcalrSCNmzfo+UjU8tt3PhZJKzcOy+r1FlGA7/zri8wre3I1WkYN9PT3sIeIKfW9bpyElA+VzOg2E24g==",
      "license": "MIT"
    },
    "node_modules/nprogress": {
      "version": "0.2.0",
      "resolved": "https://registry.npmjs.org/nprogress/-/nprogress-0.2.0.tgz",
      "integrity": "sha512-I19aIingLgR1fmhftnbWWO3dXc0hSxqHQHQb3H8m+K3TnEn/iSeTZZOyvKXWqQESMwuUVnatlCnZdLBZZt2VSA==",
      "license": "MIT"
    },
    "node_modules/phoenix": {
      "version": "1.8.3",
      "resolved": "https://registry.npmjs.org/phoenix/-/phoenix-1.8.3.tgz",
      "integrity": "sha512-5bMYQI30wl3erxbHnXMdt1xuQeRTeEOpQrakf3yqj/1HRHl7Gj4Cdk2NKXkUcCD5WpbxrilvZEMexM1VhWbnDg==",
      "license": "MIT"
    },
    "node_modules/phoenix_html": {
      "version": "3.3.4",
      "resolved": "https://registry.npmjs.org/phoenix_html/-/phoenix_html-3.3.4.tgz",
      "integrity": "sha512-IkKAeP4sAuFzwtSSUbSNP/nL0H6WHcHfpe+/F7wOzyjYtijkAO2wTH8maA7vpTRhUBU5Dck5V8SEEhDuUy1mMA=="
    },
    "node_modules/phoenix_live_view": {
      "version": "1.0.18",
      "resolved": "https://registry.npmjs.org/phoenix_live_view/-/phoenix_live_view-1.0.18.tgz",
      "integrity": "sha512-e4QtedWh3rYX41Q8sA4TzdFYOQYGO6KXOOdO8VSy9KNXPLelZB+9uLsUIP9EV+p19utpkFYA7V9Orc1Aj0dFHA==",
      "license": "MIT",
      "dependencies": {
        "morphdom": "2.7.7"
      }
    }
  }
}
