{
  "name": "assets",
  "lockfileVersion": 2,
  "requires": true,
  "packages": {
    "": {
      "dependencies": {
        "nprogress": "^0.2.0",
        "phoenix": "^1.7.0",
        "phoenix_html": "^3.2.0",
        "phoenix_live_view": "^0.20.17"
      }
    },
    "node_modules/nprogress": {
      "version": "0.2.0",
      "resolved": "https://registry.npmjs.org/nprogress/-/nprogress-0.2.0.tgz",
      "integrity": "sha512-I19aIingLgR1fmhftnbWWO3dXc0hSxqHQHQb3H8m+K3TnEn/iSeTZZOyvKXWqQESMwuUVnatlCnZdLBZZt2VSA=="
    },
    "node_modules/phoenix": {
      "version": "1.8.3",
      "resolved": "https://registry.npmjs.org/phoenix/-/phoenix-1.8.3.tgz",
      "integrity": "sha512-5bMYQI30wl3erxbHnXMdt1xuQeRTeEOpQrakf3yqj/1HRHl7Gj4Cdk2NKXkUcCD5WpbxrilvZEMexM1VhWbnDg==",
      "license": "MIT"
    },
    "node_modules/phoenix_html": {
      "version": "3.2.0",
      "resolved": "https://registry.npmjs.org/phoenix_html/-/phoenix_html-3.2.0.tgz",
      "integrity": "sha512-zv7PIZk0MPkF0ax8n465Q6w86+sGAy5cTem6KcbkUbdgxGc0y3WZmzkM2bSlYdSGbLEZfjXxos1G72xXsha6xA=="
    },
    "node_modules/phoenix_live_view": {
      "version": "0.20.17",
      "resolved": "https://registry.npmjs.org/phoenix_live_view/-/phoenix_live_view-0.20.17.tgz",
      "integrity": "sha512-qGT3Jtj2wUawOaMrE8NKXmkexfaUn6bx5PuPMxWMzYuyp6Qv9i4xRZ2T3U6avC5Kf+oJEiBVIiWrODooC0vpQw==",
      "license": "MIT"
    }
  },
  "dependencies": {
    "nprogress": {
      "version": "0.2.0",
      "resolved": "https://registry.npmjs.org/nprogress/-/nprogress-0.2.0.tgz",
      "integrity": "sha512-I19aIingLgR1fmhftnbWWO3dXc0hSxqHQHQb3H8m+K3TnEn/iSeTZZOyvKXWqQESMwuUVnatlCnZdLBZZt2VSA=="
    },
    "phoenix": {
      "version": "1.8.3",
      "resolved": "https://registry.npmjs.org/phoenix/-/phoenix-1.8.3.tgz",
      "integrity": "sha512-5bMYQI30wl3erxbHnXMdt1xuQeRTeEOpQrakf3yqj/1HRHl7Gj4Cdk2NKXkUcCD5WpbxrilvZEMexM1VhWbnDg=="
    },
    "phoenix_html": {
      "version": "3.2.0",
      "resolved": "https://registry.npmjs.org/phoenix_html/-/phoenix_html-3.2.0.tgz",
      "integrity": "sha512-zv7PIZk0MPkF0ax8n465Q6w86+sGAy5cTem6KcbkUbdgxGc0y3WZmzkM2bSlYdSGbLEZfjXxos1G72xXsha6xA=="
    },
    "phoenix_live_view": {
      "version": "0.20.17",
      "resolved": "https://registry.npmjs.org/phoenix_live_view/-/phoenix_live_view-0.20.17.tgz",
      "integrity": "sha512-qGT3Jtj2wUawOaMrE8NKXmkexfaUn6bx5PuPMxWMzYuyp6Qv9i4xRZ2T3U6avC5Kf+oJEiBVIiWrODooC0vpQw=="
    }
  }
}
