{
  "name": "assets",
  "lockfileVersion": 2,
  "requires": true,
  "packages": {
    "": {
      "dependencies": {
        "nprogress": "^0.2.0",
        "phoenix": "^1.7.0",
        "phoenix_html": "^3.2.0",
        "phoenix_live_view": "^1.0.0"
      }
    },
    "node_modules/morphdom": {
      "version": "2.7.7",
      "resolved": "https://registry.npmjs.org/morphdom/-/morphdom-2.7.7.tgz",
      "integrity": "sha512-04GmsiBcalrSCNmzfo+UjU8tt3PhZJKzcOy+r1FlGA7/zri8wre3I1WkYN9PT3sIeIKfW9bpyElA+VzOg2E24g==",
      "license": "MIT"
    },
    "node_modules/nprogress": {
      "version": "0.2.0",
      "resolved": "https://registry.npmjs.org/nprogress/-/nprogress-0.2.0.tgz",
      "integrity": "sha512-I19aIingLgR1fmhftnbWWO3dXc0hSxqHQHQb3H8m+K3TnEn/iSeTZZOyvKXWqQESMwuUVnatlCnZdLBZZt2VSA=="
    },
    "node_modules/phoenix": {
      "version": "1.8.3",
      "resolved": "https://registry.npmjs.org/phoenix/-/phoenix-1.8.3.tgz",
      "integrity": "sha512-5bMYQI30wl3erxbHnXMdt1xuQeRTeEOpQrakf3yqj/1HRHl7Gj4Cdk2NKXkUcCD5WpbxrilvZEMexM1VhWbnDg==",
      "license": "MIT"
    },
    "node_modules/phoenix_html": {
      "version": "3.2.0",
      "resolved": "https://registry.npmjs.org/phoenix_html/-/phoenix_html-3.2.0.tgz",
      "integrity": "sha512-zv7PIZk0MPkF0ax8n465Q6w86+sGAy5cTem6KcbkUbdgxGc0y3WZmzkM2bSlYdSGbLEZfjXxos1G72xXsha6xA=="
    },
    "node_modules/phoenix_live_view": {
      "version": "1.1.19",
      "resolved": "https://registry.npmjs.org/phoenix_live_view/-/phoenix_live_view-1.1.19.tgz",
      "integrity": "sha512-UjJTnTFbICy8lezmNmY6huySaN5M2rR2vhrVC2GEkB5PJRqLqmoC0IuPXYyQ93skIcahGosmKZcovuHvEnHVbQ==",
      "license": "MIT",
      "dependencies": {
        "morphdom": "2.7.7"
      }
    }
  },
  "dependencies": {
    "morphdom": {
      "version": "2.7.7",
      "resolved": "https://registry.npmjs.org/morphdom/-/morphdom-2.7.7.tgz",
      "integrity": "sha512-04GmsiBcalrSCNmzfo+UjU8tt3PhZJKzcOy+r1FlGA7/zri8wre3I1WkYN9PT3sIeIKfW9bpyElA+VzOg2E24g=="
    },
    "nprogress": {
      "version": "0.2.0",
      "resolved": "https://registry.npmjs.org/nprogress/-/nprogress-0.2.0.tgz",
      "integrity": "sha512-I19aIingLgR1fmhftnbWWO3dXc0hSxqHQHQb3H8m+K3TnEn/iSeTZZOyvKXWqQESMwuUVnatlCnZdLBZZt2VSA=="
    },
    "phoenix": {
      "version": "1.8.3",
      "resolved": "https://registry.npmjs.org/phoenix/-/phoenix-1.8.3.tgz",
      "integrity": "sha512-5bMYQI30wl3erxbHnXMdt1xuQeRTeEOpQrakf3yqj/1HRHl7Gj4Cdk2NKXkUcCD5WpbxrilvZEMexM1VhWbnDg=="
    },
    "phoenix_html": {
      "version": "3.2.0",
      "resolved": "https://registry.npmjs.org/phoenix_html/-/phoenix_html-3.2.0.tgz",
      "integrity": "sha512-zv7PIZk0MPkF0ax8n465Q6w86+sGAy5cTem6KcbkUbdgxGc0y3WZmzkM2bSlYdSGbLEZfjXxos1G72xXsha6xA=="
    },
    "phoenix_live_view": {
      "version": "1.1.19",
      "resolved": "https://registry.npmjs.org/phoenix_live_view/-/phoenix_live_view-1.1.19.tgz",
      "integrity": "sha512-UjJTnTFbICy8lezmNmY6huySaN5M2rR2vhrVC2GEkB5PJRqLqmoC0IuPXYyQ93skIcahGosmKZcovuHvEnHVbQ==",
      "requires": {
        "morphdom": "2.7.7"
      }
    }
  }
}
